
Microsoft Visual Studio Solution File, Format Version 12.00
# Visual Studio Version 17
VisualStudioVersion = 17.5.002.0
MinimumVisualStudioVersion = 10.0.40219.1
Project("{9A19103F-16F7-4668-BE54-9A1E7A4F7556}") = "rockstarts", "rockstarts\rockstarts.csproj", "{77CBCE32-7DB6-4C42-B0DC-9214F162F222}"
EndProject
Global
	GlobalSection(SolutionConfigurationPlatforms) = preSolution
		Debug|Any CPU = Debug|Any CPU
		Release|Any CPU = Release|Any CPU
	EndGlobalSection
	GlobalSection(ProjectConfigurationPlatforms) = postSolution
		{77CBCE32-7DB6-4C42-B0DC-9214F162F222}.Debug|Any CPU.ActiveCfg = Debug|Any CPU
		{77CBCE32-7DB6-4C42-B0DC-9214F162F222}.Debug|Any CPU.Build.0 = Debug|Any CPU
		{77CBCE32-7DB6-4C42-B0DC-9214F162F222}.Release|Any CPU.ActiveCfg = Release|Any CPU
		{77CBCE32-7DB6-4C42-B0DC-9214F162F222}.Release|Any CPU.Build.0 = Release|Any CPU
	EndGlobalSection
	GlobalSection(SolutionProperties) = preSolution
		HideSolutionNode = FALSE
	EndGlobalSection
	GlobalSection(ExtensibilityGlobals) = postSolution
		SolutionGuid = {49F1D760-2BA7-4A24-BD04-FB9CEB78DCBF}
	EndGlobalSection
EndGlobal
